// !$*UTF8*$!
{
	archiveVersion = 1;
	classes = {
	};
	objectVersion = 46;
	objects = {

/* Begin PBXBuildFile section */
		B32440801A93FC2B00A3F32C /* M-Scout.swift in Sources */ = {isa = PBXBuildFile; fileRef = B324407F1A93FC2B00A3F32C /* M-Scout.swift */; };
		B32440821A94019400A3F32C /* Team.swift in Sources */ = {isa = PBXBuildFile; fileRef = B32440811A94019400A3F32C /* Team.swift */; };
		B3A33BE21A8ED07E003BD957 /* Images.xcassets in Resources */ = {isa = PBXBuildFile; fileRef = B3F9F4FB1A8BE8F500053BC2 /* Images.xcassets */; };
		B3EE80131A93338A00E5B293 /* PitScouting.swift in Sources */ = {isa = PBXBuildFile; fileRef = B3EE80121A93338A00E5B293 /* PitScouting.swift */; };
		B3F9F4F31A8BE8F500053BC2 /* AppDelegate.swift in Sources */ = {isa = PBXBuildFile; fileRef = B3F9F4F21A8BE8F500053BC2 /* AppDelegate.swift */; };
		B3F9F4F51A8BE8F500053BC2 /* MasterViewController.swift in Sources */ = {isa = PBXBuildFile; fileRef = B3F9F4F41A8BE8F500053BC2 /* MasterViewController.swift */; };
		B3F9F4F71A8BE8F500053BC2 /* DetailViewController.swift in Sources */ = {isa = PBXBuildFile; fileRef = B3F9F4F61A8BE8F500053BC2 /* DetailViewController.swift */; };
		B3F9F4FA1A8BE8F500053BC2 /* Main.storyboard in Resources */ = {isa = PBXBuildFile; fileRef = B3F9F4F81A8BE8F500053BC2 /* Main.storyboard */; };
		B3F9F4FF1A8BE8F500053BC2 /* LaunchScreen.xib in Resources */ = {isa = PBXBuildFile; fileRef = B3F9F4FD1A8BE8F500053BC2 /* LaunchScreen.xib */; };
		B3F9F50B1A8BE8F500053BC2 /* M_Scout_15Tests.swift in Sources */ = {isa = PBXBuildFile; fileRef = B3F9F50A1A8BE8F500053BC2 /* M_Scout_15Tests.swift */; };
/* End PBXBuildFile section */

/* Begin PBXContainerItemProxy section */
		B3F9F5051A8BE8F500053BC2 /* PBXContainerItemProxy */ = {
			isa = PBXContainerItemProxy;
			containerPortal = B3F9F4E51A8BE8F500053BC2 /* Project object */;
			proxyType = 1;
			remoteGlobalIDString = B3F9F4EC1A8BE8F500053BC2;
			remoteInfo = "M-Scout 15";
		};
/* End PBXContainerItemProxy section */

/* Begin PBXFileReference section */
		B324407F1A93FC2B00A3F32C /* M-Scout.swift */ = {isa = PBXFileReference; fileEncoding = 4; lastKnownFileType = sourcecode.swift; path = "M-Scout.swift"; sourceTree = "<group>"; };
		B32440811A94019400A3F32C /* Team.swift */ = {isa = PBXFileReference; fileEncoding = 4; lastKnownFileType = sourcecode.swift; path = Team.swift; sourceTree = "<group>"; };
		B3EE80121A93338A00E5B293 /* PitScouting.swift */ = {isa = PBXFileReference; fileEncoding = 4; lastKnownFileType = sourcecode.swift; path = PitScouting.swift; sourceTree = "<group>"; };
		B3F9F4ED1A8BE8F500053BC2 /* M-Scout 15.app */ = {isa = PBXFileReference; explicitFileType = wrapper.application; includeInIndex = 0; path = "M-Scout 15.app"; sourceTree = BUILT_PRODUCTS_DIR; };
		B3F9F4F11A8BE8F500053BC2 /* Info.plist */ = {isa = PBXFileReference; lastKnownFileType = text.plist.xml; path = Info.plist; sourceTree = "<group>"; };
		B3F9F4F21A8BE8F500053BC2 /* AppDelegate.swift */ = {isa = PBXFileReference; lastKnownFileType = sourcecode.swift; path = AppDelegate.swift; sourceTree = "<group>"; };
		B3F9F4F41A8BE8F500053BC2 /* MasterViewController.swift */ = {isa = PBXFileReference; lastKnownFileType = sourcecode.swift; path = MasterViewController.swift; sourceTree = "<group>"; };
		B3F9F4F61A8BE8F500053BC2 /* DetailViewController.swift */ = {isa = PBXFileReference; lastKnownFileType = sourcecode.swift; path = DetailViewController.swift; sourceTree = "<group>"; };
		B3F9F4F91A8BE8F500053BC2 /* Base */ = {isa = PBXFileReference; lastKnownFileType = file.storyboard; name = Base; path = Base.lproj/Main.storyboard; sourceTree = "<group>"; };
		B3F9F4FB1A8BE8F500053BC2 /* Images.xcassets */ = {isa = PBXFileReference; lastKnownFileType = folder.assetcatalog; path = Images.xcassets; sourceTree = "<group>"; };
		B3F9F4FE1A8BE8F500053BC2 /* Base */ = {isa = PBXFileReference; lastKnownFileType = file.xib; name = Base; path = Base.lproj/LaunchScreen.xib; sourceTree = "<group>"; };
		B3F9F5041A8BE8F500053BC2 /* M-Scout 15Tests.xctest */ = {isa = PBXFileReference; explicitFileType = wrapper.cfbundle; includeInIndex = 0; path = "M-Scout 15Tests.xctest"; sourceTree = BUILT_PRODUCTS_DIR; };
		B3F9F5091A8BE8F500053BC2 /* Info.plist */ = {isa = PBXFileReference; lastKnownFileType = text.plist.xml; path = Info.plist; sourceTree = "<group>"; };
		B3F9F50A1A8BE8F500053BC2 /* M_Scout_15Tests.swift */ = {isa = PBXFileReference; lastKnownFileType = sourcecode.swift; path = M_Scout_15Tests.swift; sourceTree = "<group>"; };
		B3FB11A31A8ECAAF001C4B43 /* M-Scout 15.entitlements */ = {isa = PBXFileReference; lastKnownFileType = text.xml; path = "M-Scout 15.entitlements"; sourceTree = "<group>"; };
/* End PBXFileReference section */

/* Begin PBXFrameworksBuildPhase section */
		B3F9F4EA1A8BE8F500053BC2 /* Frameworks */ = {
			isa = PBXFrameworksBuildPhase;
			buildActionMask = 2147483647;
			files = (
			);
			runOnlyForDeploymentPostprocessing = 0;
		};
		B3F9F5011A8BE8F500053BC2 /* Frameworks */ = {
			isa = PBXFrameworksBuildPhase;
			buildActionMask = 2147483647;
			files = (
			);
			runOnlyForDeploymentPostprocessing = 0;
		};
/* End PBXFrameworksBuildPhase section */

/* Begin PBXGroup section */
		B3EE80111A93335300E5B293 /* Panel View Controllers */ = {
			isa = PBXGroup;
			children = (
				B3EE80121A93338A00E5B293 /* PitScouting.swift */,
			);
			name = "Panel View Controllers";
			sourceTree = "<group>";
		};
		B3F9F4E41A8BE8F500053BC2 = {
			isa = PBXGroup;
			children = (
				B3F9F4EF1A8BE8F500053BC2 /* M-Scout 15 */,
				B3F9F5071A8BE8F500053BC2 /* M-Scout 15Tests */,
				B3F9F4EE1A8BE8F500053BC2 /* Products */,
			);
			sourceTree = "<group>";
		};
		B3F9F4EE1A8BE8F500053BC2 /* Products */ = {
			isa = PBXGroup;
			children = (
				B3F9F4ED1A8BE8F500053BC2 /* M-Scout 15.app */,
				B3F9F5041A8BE8F500053BC2 /* M-Scout 15Tests.xctest */,
			);
			name = Products;
			sourceTree = "<group>";
		};
		B3F9F4EF1A8BE8F500053BC2 /* M-Scout 15 */ = {
			isa = PBXGroup;
			children = (
				B3FB11A31A8ECAAF001C4B43 /* M-Scout 15.entitlements */,
				B3F9F4F21A8BE8F500053BC2 /* AppDelegate.swift */,
				B3EE80111A93335300E5B293 /* Panel View Controllers */,
				B3F9F4F41A8BE8F500053BC2 /* MasterViewController.swift */,
				B3F9F4F61A8BE8F500053BC2 /* DetailViewController.swift */,
				B324407F1A93FC2B00A3F32C /* M-Scout.swift */,
				B32440811A94019400A3F32C /* Team.swift */,
				B3F9F4F81A8BE8F500053BC2 /* Main.storyboard */,
				B3F9F4FB1A8BE8F500053BC2 /* Images.xcassets */,
				B3F9F4FD1A8BE8F500053BC2 /* LaunchScreen.xib */,
				B3F9F4F01A8BE8F500053BC2 /* Supporting Files */,
			);
			path = "M-Scout 15";
			sourceTree = "<group>";
		};
		B3F9F4F01A8BE8F500053BC2 /* Supporting Files */ = {
			isa = PBXGroup;
			children = (
				B3F9F4F11A8BE8F500053BC2 /* Info.plist */,
			);
			name = "Supporting Files";
			sourceTree = "<group>";
		};
		B3F9F5071A8BE8F500053BC2 /* M-Scout 15Tests */ = {
			isa = PBXGroup;
			children = (
				B3F9F50A1A8BE8F500053BC2 /* M_Scout_15Tests.swift */,
				B3F9F5081A8BE8F500053BC2 /* Supporting Files */,
			);
			path = "M-Scout 15Tests";
			sourceTree = "<group>";
		};
		B3F9F5081A8BE8F500053BC2 /* Supporting Files */ = {
			isa = PBXGroup;
			children = (
				B3F9F5091A8BE8F500053BC2 /* Info.plist */,
			);
			name = "Supporting Files";
			sourceTree = "<group>";
		};
/* End PBXGroup section */

/* Begin PBXNativeTarget section */
		B3F9F4EC1A8BE8F500053BC2 /* M-Scout 15 */ = {
			isa = PBXNativeTarget;
			buildConfigurationList = B3F9F50E1A8BE8F500053BC2 /* Build configuration list for PBXNativeTarget "M-Scout 15" */;
			buildPhases = (
				B3F9F4E91A8BE8F500053BC2 /* Sources */,
				B3F9F4EA1A8BE8F500053BC2 /* Frameworks */,
				B3F9F4EB1A8BE8F500053BC2 /* Resources */,
			);
			buildRules = (
			);
			dependencies = (
			);
			name = "M-Scout 15";
			productName = "M-Scout 15";
			productReference = B3F9F4ED1A8BE8F500053BC2 /* M-Scout 15.app */;
			productType = "com.apple.product-type.application";
		};
		B3F9F5031A8BE8F500053BC2 /* M-Scout 15Tests */ = {
			isa = PBXNativeTarget;
			buildConfigurationList = B3F9F5111A8BE8F500053BC2 /* Build configuration list for PBXNativeTarget "M-Scout 15Tests" */;
			buildPhases = (
				B3F9F5001A8BE8F500053BC2 /* Sources */,
				B3F9F5011A8BE8F500053BC2 /* Frameworks */,
				B3F9F5021A8BE8F500053BC2 /* Resources */,
			);
			buildRules = (
			);
			dependencies = (
				B3F9F5061A8BE8F500053BC2 /* PBXTargetDependency */,
			);
			name = "M-Scout 15Tests";
			productName = "M-Scout 15Tests";
			productReference = B3F9F5041A8BE8F500053BC2 /* M-Scout 15Tests.xctest */;
			productType = "com.apple.product-type.bundle.unit-test";
		};
/* End PBXNativeTarget section */

/* Begin PBXProject section */
		B3F9F4E51A8BE8F500053BC2 /* Project object */ = {
			isa = PBXProject;
			attributes = {
				LastUpgradeCheck = 0610;
				ORGANIZATIONNAME = "FRC: Team 3926";
				TargetAttributes = {
					B3F9F4EC1A8BE8F500053BC2 = {
						CreatedOnToolsVersion = 6.1.1;
						DevelopmentTeam = 93C4626635;
						SystemCapabilities = {
							com.apple.BackgroundModes = {
								enabled = 1;
							};
							com.apple.SafariKeychain = {
								enabled = 1;
							};
						};
					};
					B3F9F5031A8BE8F500053BC2 = {
						CreatedOnToolsVersion = 6.1.1;
						TestTargetID = B3F9F4EC1A8BE8F500053BC2;
					};
				};
			};
			buildConfigurationList = B3F9F4E81A8BE8F500053BC2 /* Build configuration list for PBXProject "M-Scout 15" */;
			compatibilityVersion = "Xcode 3.2";
			developmentRegion = English;
			hasScannedForEncodings = 0;
			knownRegions = (
				en,
				Base,
			);
			mainGroup = B3F9F4E41A8BE8F500053BC2;
			productRefGroup = B3F9F4EE1A8BE8F500053BC2 /* Products */;
			projectDirPath = "";
			projectRoot = "";
			targets = (
				B3F9F4EC1A8BE8F500053BC2 /* M-Scout 15 */,
				B3F9F5031A8BE8F500053BC2 /* M-Scout 15Tests */,
			);
		};
/* End PBXProject section */

/* Begin PBXResourcesBuildPhase section */
		B3F9F4EB1A8BE8F500053BC2 /* Resources */ = {
			isa = PBXResourcesBuildPhase;
			buildActionMask = 2147483647;
			files = (
				B3A33BE21A8ED07E003BD957 /* Images.xcassets in Resources */,
				B3F9F4FA1A8BE8F500053BC2 /* Main.storyboard in Resources */,
				B3F9F4FF1A8BE8F500053BC2 /* LaunchScreen.xib in Resources */,
			);
			runOnlyForDeploymentPostprocessing = 0;
		};
		B3F9F5021A8BE8F500053BC2 /* Resources */ = {
			isa = PBXResourcesBuildPhase;
			buildActionMask = 2147483647;
			files = (
			);
			runOnlyForDeploymentPostprocessing = 0;
		};
/* End PBXResourcesBuildPhase section */

/* Begin PBXSourcesBuildPhase section */
		B3F9F4E91A8BE8F500053BC2 /* Sources */ = {
			isa = PBXSourcesBuildPhase;
			buildActionMask = 2147483647;
			files = (
				B32440821A94019400A3F32C /* Team.swift in Sources */,
				B3F9F4F71A8BE8F500053BC2 /* DetailViewController.swift in Sources */,
				B3EE80131A93338A00E5B293 /* PitScouting.swift in Sources */,
				B3F9F4F51A8BE8F500053BC2 /* MasterViewController.swift in Sources */,
				B32440801A93FC2B00A3F32C /* M-Scout.swift in Sources */,
				B3F9F4F31A8BE8F500053BC2 /* AppDelegate.swift in Sources */,
			);
			runOnlyForDeploymentPostprocessing = 0;
		};
		B3F9F5001A8BE8F500053BC2 /* Sources */ = {
			isa = PBXSourcesBuildPhase;
			buildActionMask = 2147483647;
			files = (
				B3F9F50B1A8BE8F500053BC2 /* M_Scout_15Tests.swift in Sources */,
			);
			runOnlyForDeploymentPostprocessing = 0;
		};
/* End PBXSourcesBuildPhase section */

/* Begin PBXTargetDependency section */
		B3F9F5061A8BE8F500053BC2 /* PBXTargetDependency */ = {
			isa = PBXTargetDependency;
			target = B3F9F4EC1A8BE8F500053BC2 /* M-Scout 15 */;
			targetProxy = B3F9F5051A8BE8F500053BC2 /* PBXContainerItemProxy */;
		};
/* End PBXTargetDependency section */

/* Begin PBXVariantGroup section */
		B3F9F4F81A8BE8F500053BC2 /* Main.storyboard */ = {
			isa = PBXVariantGroup;
			children = (
				B3F9F4F91A8BE8F500053BC2 /* Base */,
			);
			name = Main.storyboard;
			sourceTree = "<group>";
		};
		B3F9F4FD1A8BE8F500053BC2 /* LaunchScreen.xib */ = {
			isa = PBXVariantGroup;
			children = (
				B3F9F4FE1A8BE8F500053BC2 /* Base */,
			);
			name = LaunchScreen.xib;
			sourceTree = "<group>";
		};
/* End PBXVariantGroup section */

/* Begin XCBuildConfiguration section */
		B3F9F50C1A8BE8F500053BC2 /* Debug */ = {
			isa = XCBuildConfiguration;
			buildSettings = {
				ALWAYS_SEARCH_USER_PATHS = NO;
				CLANG_CXX_LANGUAGE_STANDARD = "gnu++0x";
				CLANG_CXX_LIBRARY = "libc++";
				CLANG_ENABLE_MODULES = YES;
				CLANG_ENABLE_OBJC_ARC = YES;
				CLANG_WARN_BOOL_CONVERSION = YES;
				CLANG_WARN_CONSTANT_CONVERSION = YES;
				CLANG_WARN_DIRECT_OBJC_ISA_USAGE = YES_ERROR;
				CLANG_WARN_EMPTY_BODY = YES;
				CLANG_WARN_ENUM_CONVERSION = YES;
				CLANG_WARN_INT_CONVERSION = YES;
				CLANG_WARN_OBJC_ROOT_CLASS = YES_ERROR;
				CLANG_WARN_UNREACHABLE_CODE = YES;
				CLANG_WARN__DUPLICATE_METHOD_MATCH = YES;
				"CODE_SIGN_IDENTITY[sdk=iphoneos*]" = "iPhone Developer";
				COPY_PHASE_STRIP = NO;
				ENABLE_STRICT_OBJC_MSGSEND = YES;
				GCC_C_LANGUAGE_STANDARD = gnu99;
				GCC_DYNAMIC_NO_PIC = NO;
				GCC_OPTIMIZATION_LEVEL = 0;
				GCC_PREPROCESSOR_DEFINITIONS = (
					"DEBUG=1",
					"$(inherited)",
				);
				GCC_SYMBOLS_PRIVATE_EXTERN = NO;
				GCC_WARN_64_TO_32_BIT_CONVERSION = YES;
				GCC_WARN_ABOUT_RETURN_TYPE = YES_ERROR;
				GCC_WARN_UNDECLARED_SELECTOR = YES;
				GCC_WARN_UNINITIALIZED_AUTOS = YES_AGGRESSIVE;
				GCC_WARN_UNUSED_FUNCTION = YES;
				GCC_WARN_UNUSED_VARIABLE = YES;
				IPHONEOS_DEPLOYMENT_TARGET = 8.1;
				MTL_ENABLE_DEBUG_INFO = YES;
				ONLY_ACTIVE_ARCH = YES;
				SDKROOT = iphoneos;
				SWIFT_OPTIMIZATION_LEVEL = "-Onone";
				TARGETED_DEVICE_FAMILY = "1,2";
			};
			name = Debug;
		};
		B3F9F50D1A8BE8F500053BC2 /* Release */ = {
			isa = XCBuildConfiguration;
			buildSettings = {
				ALWAYS_SEARCH_USER_PATHS = NO;
				CLANG_CXX_LANGUAGE_STANDARD = "gnu++0x";
				CLANG_CXX_LIBRARY = "libc++";
				CLANG_ENABLE_MODULES = YES;
				CLANG_ENABLE_OBJC_ARC = YES;
				CLANG_WARN_BOOL_CONVERSION = YES;
				CLANG_WARN_CONSTANT_CONVERSION = YES;
				CLANG_WARN_DIRECT_OBJC_ISA_USAGE = YES_ERROR;
				CLANG_WARN_EMPTY_BODY = YES;
				CLANG_WARN_ENUM_CONVERSION = YES;
				CLANG_WARN_INT_CONVERSION = YES;
				CLANG_WARN_OBJC_ROOT_CLASS = YES_ERROR;
				CLANG_WARN_UNREACHABLE_CODE = YES;
				CLANG_WARN__DUPLICATE_METHOD_MATCH = YES;
				"CODE_SIGN_IDENTITY[sdk=iphoneos*]" = "iPhone Developer";
				COPY_PHASE_STRIP = YES;
				ENABLE_NS_ASSERTIONS = NO;
				ENABLE_STRICT_OBJC_MSGSEND = YES;
				GCC_C_LANGUAGE_STANDARD = gnu99;
				GCC_WARN_64_TO_32_BIT_CONVERSION = YES;
				GCC_WARN_ABOUT_RETURN_TYPE = YES_ERROR;
				GCC_WARN_UNDECLARED_SELECTOR = YES;
				GCC_WARN_UNINITIALIZED_AUTOS = YES_AGGRESSIVE;
				GCC_WARN_UNUSED_FUNCTION = YES;
				GCC_WARN_UNUSED_VARIABLE = YES;
				IPHONEOS_DEPLOYMENT_TARGET = 8.1;
				MTL_ENABLE_DEBUG_INFO = NO;
				SDKROOT = iphoneos;
				TARGETED_DEVICE_FAMILY = "1,2";
				VALIDATE_PRODUCT = YES;
			};
			name = Release;
		};
		B3F9F50F1A8BE8F500053BC2 /* Debug */ = {
			isa = XCBuildConfiguration;
			buildSettings = {
				ASSETCATALOG_COMPILER_APPICON_NAME = AppIcon;
				ASSETCATALOG_COMPILER_LAUNCHIMAGE_NAME = LaunchImage;
				CODE_SIGN_ENTITLEMENTS = "M-Scout 15/M-Scout 15.entitlements";
				CODE_SIGN_IDENTITY = "iPhone Developer";
				"CODE_SIGN_IDENTITY[sdk=iphoneos*]" = "iPhone Developer";
				INFOPLIST_FILE = "M-Scout 15/Info.plist";
				IPHONEOS_DEPLOYMENT_TARGET = 8.1;
				LD_RUNPATH_SEARCH_PATHS = "$(inherited) @executable_path/Frameworks";
				PRODUCT_NAME = "$(TARGET_NAME)";
				PROVISIONING_PROFILE = "";
			};
			name = Debug;
		};
		B3F9F5101A8BE8F500053BC2 /* Release */ = {
			isa = XCBuildConfiguration;
			buildSettings = {
				ASSETCATALOG_COMPILER_APPICON_NAME = AppIcon;
				ASSETCATALOG_COMPILER_LAUNCHIMAGE_NAME = LaunchImage;
				CODE_SIGN_ENTITLEMENTS = "M-Scout 15/M-Scout 15.entitlements";
				CODE_SIGN_IDENTITY = "iPhone Developer";
				"CODE_SIGN_IDENTITY[sdk=iphoneos*]" = "iPhone Developer";
				INFOPLIST_FILE = "M-Scout 15/Info.plist";
				IPHONEOS_DEPLOYMENT_TARGET = 8.1;
				LD_RUNPATH_SEARCH_PATHS = "$(inherited) @executable_path/Frameworks";
				PRODUCT_NAME = "$(TARGET_NAME)";
				PROVISIONING_PROFILE = "";
			};
			name = Release;
		};
		B3F9F5121A8BE8F500053BC2 /* Debug */ = {
			isa = XCBuildConfiguration;
			buildSettings = {
				BUNDLE_LOADER = "$(TEST_HOST)";
				FRAMEWORK_SEARCH_PATHS = (
					"$(SDKROOT)/Developer/Library/Frameworks",
					"$(inherited)",
				);
				GCC_PREPROCESSOR_DEFINITIONS = (
					"DEBUG=1",
					"$(inherited)",
				);
				INFOPLIST_FILE = "M-Scout 15Tests/Info.plist";
				LD_RUNPATH_SEARCH_PATHS = "$(inherited) @executable_path/Frameworks @loader_path/Frameworks";
				PRODUCT_NAME = "$(TARGET_NAME)";
				TEST_HOST = "$(BUILT_PRODUCTS_DIR)/M-Scout 15.app/M-Scout 15";
			};
			name = Debug;
		};
		B3F9F5131A8BE8F500053BC2 /* Release */ = {
			isa = XCBuildConfiguration;
			buildSettings = {
				BUNDLE_LOADER = "$(TEST_HOST)";
				FRAMEWORK_SEARCH_PATHS = (
					"$(SDKROOT)/Developer/Library/Frameworks",
					"$(inherited)",
				);
				INFOPLIST_FILE = "M-Scout 15Tests/Info.plist";
				LD_RUNPATH_SEARCH_PATHS = "$(inherited) @executable_path/Frameworks @loader_path/Frameworks";
				PRODUCT_NAME = "$(TARGET_NAME)";
				TEST_HOST = "$(BUILT_PRODUCTS_DIR)/M-Scout 15.app/M-Scout 15";
			};
			name = Release;
		};
/* End XCBuildConfiguration section */

/* Begin XCConfigurationList section */
		B3F9F4E81A8BE8F500053BC2 /* Build configuration list for PBXProject "M-Scout 15" */ = {
			isa = XCConfigurationList;
			buildConfigurations = (
				B3F9F50C1A8BE8F500053BC2 /* Debug */,
				B3F9F50D1A8BE8F500053BC2 /* Release */,
			);
			defaultConfigurationIsVisible = 0;
			defaultConfigurationName = Release;
		};
		B3F9F50E1A8BE8F500053BC2 /* Build configuration list for PBXNativeTarget "M-Scout 15" */ = {
			isa = XCConfigurationList;
			buildConfigurations = (
				B3F9F50F1A8BE8F500053BC2 /* Debug */,
				B3F9F5101A8BE8F500053BC2 /* Release */,
			);
			defaultConfigurationIsVisible = 0;
			defaultConfigurationName = Release;
		};
		B3F9F5111A8BE8F500053BC2 /* Build configuration list for PBXNativeTarget "M-Scout 15Tests" */ = {
			isa = XCConfigurationList;
			buildConfigurations = (
				B3F9F5121A8BE8F500053BC2 /* Debug */,
				B3F9F5131A8BE8F500053BC2 /* Release */,
			);
			defaultConfigurationIsVisible = 0;
			defaultConfigurationName = Release;
		};
/* End XCConfigurationList section */
	};
	rootObject = B3F9F4E51A8BE8F500053BC2 /* Project object */;
}
